
Microsoft Visual Studio Solution File, Format Version 12.00
# Visual Studio 15
VisualStudioVersion = 15.0.27428.2005
MinimumVisualStudioVersion = 10.0.40219.1
Project("{8BC9CEB8-8B4A-11D0-8D11-00A0C91BC942}") = "3.1指针", "3.1指针\3.1指针.vcxproj", "{0EF97274-8F30-48A2-832C-9FF144EC89E1}"
EndProject
Global
	GlobalSection(SolutionConfigurationPlatforms) = preSolution
		Debug|x64 = Debug|x64
		Debug|x86 = Debug|x86
		Release|x64 = Release|x64
		Release|x86 = Release|x86
	EndGlobalSection
	GlobalSection(ProjectConfigurationPlatforms) = postSolution
		{0EF97274-8F30-48A2-832C-9FF144EC89E1}.Debug|x64.ActiveCfg = Debug|x64
		{0EF97274-8F30-48A2-832C-9FF144EC89E1}.Debug|x64.Build.0 = Debug|x64
		{0EF97274-8F30-48A2-832C-9FF144EC89E1}.Debug|x86.ActiveCfg = Debug|Win32
		{0EF97274-8F30-48A2-832C-9FF144EC89E1}.Debug|x86.Build.0 = Debug|Win32
		{0EF97274-8F30-48A2-832C-9FF144EC89E1}.Release|x64.ActiveCfg = Release|x64
		{0EF97274-8F30-48A2-832C-9FF144EC89E1}.Release|x64.Build.0 = Release|x64
		{0EF97274-8F30-48A2-832C-9FF144EC89E1}.Release|x86.ActiveCfg = Release|Win32
		{0EF97274-8F30-48A2-832C-9FF144EC89E1}.Release|x86.Build.0 = Release|Win32
	EndGlobalSection
	GlobalSection(SolutionProperties) = preSolution
		HideSolutionNode = FALSE
	EndGlobalSection
	GlobalSection(ExtensibilityGlobals) = postSolution
		SolutionGuid = {FCEAD588-23DB-4FC9-B199-B64C21C27916}
	EndGlobalSection
EndGlobal
