
Microsoft Visual Studio Solution File, Format Version 12.00
# Visual Studio 15
VisualStudioVersion = 15.0.27428.2005
MinimumVisualStudioVersion = 10.0.40219.1
Project("{8BC9CEB8-8B4A-11D0-8D11-00A0C91BC942}") = "4.6禁止在栈中实例化的类", "4.6禁止在栈中实例化的类\4.6禁止在栈中实例化的类.vcxproj", "{386C248D-CE38-4F50-9510-7481E46F9787}"
EndProject
Global
	GlobalSection(SolutionConfigurationPlatforms) = preSolution
		Debug|x64 = Debug|x64
		Debug|x86 = Debug|x86
		Release|x64 = Release|x64
		Release|x86 = Release|x86
	EndGlobalSection
	GlobalSection(ProjectConfigurationPlatforms) = postSolution
		{386C248D-CE38-4F50-9510-7481E46F9787}.Debug|x64.ActiveCfg = Debug|x64
		{386C248D-CE38-4F50-9510-7481E46F9787}.Debug|x64.Build.0 = Debug|x64
		{386C248D-CE38-4F50-9510-7481E46F9787}.Debug|x86.ActiveCfg = Debug|Win32
		{386C248D-CE38-4F50-9510-7481E46F9787}.Debug|x86.Build.0 = Debug|Win32
		{386C248D-CE38-4F50-9510-7481E46F9787}.Release|x64.ActiveCfg = Release|x64
		{386C248D-CE38-4F50-9510-7481E46F9787}.Release|x64.Build.0 = Release|x64
		{386C248D-CE38-4F50-9510-7481E46F9787}.Release|x86.ActiveCfg = Release|Win32
		{386C248D-CE38-4F50-9510-7481E46F9787}.Release|x86.Build.0 = Release|Win32
	EndGlobalSection
	GlobalSection(SolutionProperties) = preSolution
		HideSolutionNode = FALSE
	EndGlobalSection
	GlobalSection(ExtensibilityGlobals) = postSolution
		SolutionGuid = {D9E6AD84-5699-4CE0-8CCA-5C2B156050A5}
	EndGlobalSection
EndGlobal
