
Microsoft Visual Studio Solution File, Format Version 12.00
# Visual Studio 15
VisualStudioVersion = 15.0.27428.2005
MinimumVisualStudioVersion = 10.0.40219.1
Project("{8BC9CEB8-8B4A-11D0-8D11-00A0C91BC942}") = "5.4保护继承", "5.4保护继承\5.4保护继承.vcxproj", "{90BBCEBE-A266-4399-9065-A21DEF3E4A0D}"
EndProject
Global
	GlobalSection(SolutionConfigurationPlatforms) = preSolution
		Debug|x64 = Debug|x64
		Debug|x86 = Debug|x86
		Release|x64 = Release|x64
		Release|x86 = Release|x86
	EndGlobalSection
	GlobalSection(ProjectConfigurationPlatforms) = postSolution
		{90BBCEBE-A266-4399-9065-A21DEF3E4A0D}.Debug|x64.ActiveCfg = Debug|x64
		{90BBCEBE-A266-4399-9065-A21DEF3E4A0D}.Debug|x64.Build.0 = Debug|x64
		{90BBCEBE-A266-4399-9065-A21DEF3E4A0D}.Debug|x86.ActiveCfg = Debug|Win32
		{90BBCEBE-A266-4399-9065-A21DEF3E4A0D}.Debug|x86.Build.0 = Debug|Win32
		{90BBCEBE-A266-4399-9065-A21DEF3E4A0D}.Release|x64.ActiveCfg = Release|x64
		{90BBCEBE-A266-4399-9065-A21DEF3E4A0D}.Release|x64.Build.0 = Release|x64
		{90BBCEBE-A266-4399-9065-A21DEF3E4A0D}.Release|x86.ActiveCfg = Release|Win32
		{90BBCEBE-A266-4399-9065-A21DEF3E4A0D}.Release|x86.Build.0 = Release|Win32
	EndGlobalSection
	GlobalSection(SolutionProperties) = preSolution
		HideSolutionNode = FALSE
	EndGlobalSection
	GlobalSection(ExtensibilityGlobals) = postSolution
		SolutionGuid = {33982BAE-6EBD-4AC4-84E4-AD9FF8E425B6}
	EndGlobalSection
EndGlobal
